
Microsoft Visual Studio Solution File, Format Version 12.00
# Visual Studio Version 16
VisualStudioVersion = 16.0.30523.141
MinimumVisualStudioVersion = 10.0.40219.1
Project("{FAE04EC0-301F-11D3-BF4B-00C04F79EFBC}") = "Calculator", "Calculator.csproj", "{8C1DD19C-F06D-416F-B27D-39B5D4F8F589}"
EndProject
Global
	GlobalSection(SolutionConfigurationPlatforms) = preSolution
		Debug|Any CPU = Debug|Any CPU
		Release|Any CPU = Release|Any CPU
	EndGlobalSection
	GlobalSection(ProjectConfigurationPlatforms) = postSolution
		{8C1DD19C-F06D-416F-B27D-39B5D4F8F589}.Debug|Any CPU.ActiveCfg = Debug|Any CPU
		{8C1DD19C-F06D-416F-B27D-39B5D4F8F589}.Debug|Any CPU.Build.0 = Debug|Any CPU
		{8C1DD19C-F06D-416F-B27D-39B5D4F8F589}.Release|Any CPU.ActiveCfg = Release|Any CPU
		{8C1DD19C-F06D-416F-B27D-39B5D4F8F589}.Release|Any CPU.Build.0 = Release|Any CPU
	EndGlobalSection
	GlobalSection(SolutionProperties) = preSolution
		HideSolutionNode = FALSE
	EndGlobalSection
	GlobalSection(ExtensibilityGlobals) = postSolution
		SolutionGuid = {7A821C23-5624-4EB6-9E72-75D62FB3D068}
	EndGlobalSection
EndGlobal
